
Microsoft Visual Studio Solution File, Format Version 12.00
# Visual Studio 15
VisualStudioVersion = 15.0.28307.779
MinimumVisualStudioVersion = 10.0.40219.1
Project("{FAE04EC0-301F-11D3-BF4B-00C04F79EFBC}") = "KofaxIndexRecon_OnBase", "KofaxIndexRecon_OnBase\KofaxIndexRecon_OnBase.csproj", "{0E728E6C-936E-4FC2-8CA3-347CB3B5B039}"
EndProject
Project("{54435603-DBB4-11D2-8724-00A0C9A8B90C}") = "KofaxIndexRecon_OnBase_Setup", "KofaxIndexRecon_OnBase_Setup\KofaxIndexRecon_OnBase_Setup.vdproj", "{1BBFC173-2889-496B-A24D-62482729DFE3}"
EndProject
Project("{FAE04EC0-301F-11D3-BF4B-00C04F79EFBC}") = "KofaxIndexRecon_OnBase.Test", "KofaxIndexRecon_OnBase.Test\KofaxIndexRecon_OnBase.Test.csproj", "{1A95FF58-4451-42DA-9016-1B72361AFC6C}"
EndProject
Global
	GlobalSection(SolutionConfigurationPlatforms) = preSolution
		Debug|Any CPU = Debug|Any CPU
		Release|Any CPU = Release|Any CPU
	EndGlobalSection
	GlobalSection(ProjectConfigurationPlatforms) = postSolution
		{0E728E6C-936E-4FC2-8CA3-347CB3B5B039}.Debug|Any CPU.ActiveCfg = Debug|Any CPU
		{0E728E6C-936E-4FC2-8CA3-347CB3B5B039}.Debug|Any CPU.Build.0 = Debug|Any CPU
		{0E728E6C-936E-4FC2-8CA3-347CB3B5B039}.Release|Any CPU.ActiveCfg = Release|Any CPU
		{0E728E6C-936E-4FC2-8CA3-347CB3B5B039}.Release|Any CPU.Build.0 = Release|Any CPU
		{1BBFC173-2889-496B-A24D-62482729DFE3}.Debug|Any CPU.ActiveCfg = Debug
		{1BBFC173-2889-496B-A24D-62482729DFE3}.Release|Any CPU.ActiveCfg = Release
		{1BBFC173-2889-496B-A24D-62482729DFE3}.Release|Any CPU.Build.0 = Release
		{1A95FF58-4451-42DA-9016-1B72361AFC6C}.Debug|Any CPU.ActiveCfg = Debug|Any CPU
		{1A95FF58-4451-42DA-9016-1B72361AFC6C}.Debug|Any CPU.Build.0 = Debug|Any CPU
		{1A95FF58-4451-42DA-9016-1B72361AFC6C}.Release|Any CPU.ActiveCfg = Release|Any CPU
	EndGlobalSection
	GlobalSection(SolutionProperties) = preSolution
		HideSolutionNode = FALSE
	EndGlobalSection
	GlobalSection(ExtensibilityGlobals) = postSolution
		SolutionGuid = {D580E3D5-7E35-49D4-83A0-D838CF04297C}
	EndGlobalSection
EndGlobal
